
Microsoft Visual Studio Solution File, Format Version 12.00
# Visual Studio 14
VisualStudioVersion = 14.0.24720.0
MinimumVisualStudioVersion = 10.0.40219.1
Project("{FAE04EC0-301F-11D3-BF4B-00C04F79EFBC}") = "Inspector", "Inspector\Inspector.csproj", "{CFC4514F-9998-4B4A-A77D-AEBF58CAFBD5}"
EndProject
Project("{FAE04EC0-301F-11D3-BF4B-00C04F79EFBC}") = "RoslynTests", "InspectionTests\RoslynTests.csproj", "{A62F638B-F638-4DBE-A8B8-377140EFDEDD}"
EndProject
Global
	GlobalSection(SolutionConfigurationPlatforms) = preSolution
		Debug|Any CPU = Debug|Any CPU
		Release|Any CPU = Release|Any CPU
	EndGlobalSection
	GlobalSection(ProjectConfigurationPlatforms) = postSolution
		{CFC4514F-9998-4B4A-A77D-AEBF58CAFBD5}.Debug|Any CPU.ActiveCfg = Debug|Any CPU
		{CFC4514F-9998-4B4A-A77D-AEBF58CAFBD5}.Debug|Any CPU.Build.0 = Debug|Any CPU
		{CFC4514F-9998-4B4A-A77D-AEBF58CAFBD5}.Release|Any CPU.ActiveCfg = Release|Any CPU
		{CFC4514F-9998-4B4A-A77D-AEBF58CAFBD5}.Release|Any CPU.Build.0 = Release|Any CPU
		{A62F638B-F638-4DBE-A8B8-377140EFDEDD}.Debug|Any CPU.ActiveCfg = Debug|Any CPU
		{A62F638B-F638-4DBE-A8B8-377140EFDEDD}.Debug|Any CPU.Build.0 = Debug|Any CPU
		{A62F638B-F638-4DBE-A8B8-377140EFDEDD}.Release|Any CPU.ActiveCfg = Release|Any CPU
		{A62F638B-F638-4DBE-A8B8-377140EFDEDD}.Release|Any CPU.Build.0 = Release|Any CPU
	EndGlobalSection
	GlobalSection(SolutionProperties) = preSolution
		HideSolutionNode = FALSE
	EndGlobalSection
EndGlobal
